
Microsoft Visual Studio Solution File, Format Version 12.00
# Visual Studio Version 17
VisualStudioVersion = 17.11.35312.102
MinimumVisualStudioVersion = 10.0.40219.1
Project("{9A19103F-16F7-4668-BE54-9A1E7A4F7556}") = "GUI", "GUI\GUI.csproj", "{40402CAC-83A4-4E5F-9A5D-68A59D451712}"
EndProject
Project("{FAE04EC0-301F-11D3-BF4B-00C04F79EFBC}") = "ShaderGraph", "ShaderGraph\ShaderGraph.csproj", "{BC6E549E-E22E-4A78-BB9A-AB11ECD6689A}"
EndProject
Global
	GlobalSection(SolutionConfigurationPlatforms) = preSolution
		Debug|Any CPU = Debug|Any CPU
		Release|Any CPU = Release|Any CPU
	EndGlobalSection
	GlobalSection(ProjectConfigurationPlatforms) = postSolution
		{40402CAC-83A4-4E5F-9A5D-68A59D451712}.Debug|Any CPU.ActiveCfg = Debug|Any CPU
		{40402CAC-83A4-4E5F-9A5D-68A59D451712}.Debug|Any CPU.Build.0 = Debug|Any CPU
		{40402CAC-83A4-4E5F-9A5D-68A59D451712}.Release|Any CPU.ActiveCfg = Release|Any CPU
		{40402CAC-83A4-4E5F-9A5D-68A59D451712}.Release|Any CPU.Build.0 = Release|Any CPU
		{BC6E549E-E22E-4A78-BB9A-AB11ECD6689A}.Debug|Any CPU.ActiveCfg = Debug|Any CPU
		{BC6E549E-E22E-4A78-BB9A-AB11ECD6689A}.Debug|Any CPU.Build.0 = Debug|Any CPU
		{BC6E549E-E22E-4A78-BB9A-AB11ECD6689A}.Release|Any CPU.ActiveCfg = Release|Any CPU
		{BC6E549E-E22E-4A78-BB9A-AB11ECD6689A}.Release|Any CPU.Build.0 = Release|Any CPU
	EndGlobalSection
	GlobalSection(SolutionProperties) = preSolution
		HideSolutionNode = FALSE
	EndGlobalSection
	GlobalSection(ExtensibilityGlobals) = postSolution
		SolutionGuid = {FB231935-BC8A-4821-96EC-E70949881B86}
	EndGlobalSection
EndGlobal
